
Microsoft Visual Studio Solution File, Format Version 12.00
# Visual Studio Version 17
VisualStudioVersion = 17.5.002.0
MinimumVisualStudioVersion = 10.0.40219.1
Project("{9A19103F-16F7-4668-BE54-9A1E7A4F7556}") = "HospedagemHotel_c#", "HospedagemHotel_c#.csproj", "{4D3292DC-7335-4B35-87D0-DBBD193A0925}"
EndProject
Global
	GlobalSection(SolutionConfigurationPlatforms) = preSolution
		Debug|Any CPU = Debug|Any CPU
		Release|Any CPU = Release|Any CPU
	EndGlobalSection
	GlobalSection(ProjectConfigurationPlatforms) = postSolution
		{4D3292DC-7335-4B35-87D0-DBBD193A0925}.Debug|Any CPU.ActiveCfg = Debug|Any CPU
		{4D3292DC-7335-4B35-87D0-DBBD193A0925}.Debug|Any CPU.Build.0 = Debug|Any CPU
		{4D3292DC-7335-4B35-87D0-DBBD193A0925}.Release|Any CPU.ActiveCfg = Release|Any CPU
		{4D3292DC-7335-4B35-87D0-DBBD193A0925}.Release|Any CPU.Build.0 = Release|Any CPU
	EndGlobalSection
	GlobalSection(SolutionProperties) = preSolution
		HideSolutionNode = FALSE
	EndGlobalSection
	GlobalSection(ExtensibilityGlobals) = postSolution
		SolutionGuid = {51C4A4BF-BCFF-4376-9EC2-F04AE7FB550D}
	EndGlobalSection
EndGlobal
